
Microsoft Visual Studio Solution File, Format Version 12.00
# Visual Studio 15
VisualStudioVersion = 15.0.26124.0
MinimumVisualStudioVersion = 15.0.26124.0
Project("{2150E333-8FDC-42A3-9474-1A3956D46DE8}") = "src", "src", "{93DAD3E5-11DC-4D63-962C-B15E082E6E6B}"
EndProject
Project("{FAE04EC0-301F-11D3-BF4B-00C04F79EFBC}") = "Actio.Api", "src\Actio.Api\Actio.Api.csproj", "{1BADE800-B322-495A-97E3-BB58DCABC900}"
EndProject
Project("{FAE04EC0-301F-11D3-BF4B-00C04F79EFBC}") = "Actio.Common", "src\Actio.Common\Actio.Common.csproj", "{666BF428-BE46-4AE2-ACA2-FBC0BEA25530}"
EndProject
Project("{FAE04EC0-301F-11D3-BF4B-00C04F79EFBC}") = "Actio.Services.Identity", "src\Actio.Services.Identity\Actio.Services.Identity.csproj", "{AA67DABF-94A1-4261-A4AB-0B1031BBA737}"
EndProject
Project("{FAE04EC0-301F-11D3-BF4B-00C04F79EFBC}") = "Actio.Services.Activities", "src\Actio.Services.Activities\Actio.Services.Activities.csproj", "{103D068D-F947-41B9-B5A8-A3815EF09106}"
EndProject
Project("{2150E333-8FDC-42A3-9474-1A3956D46DE8}") = "tests", "tests", "{309FFD00-CDCF-44B5-BFCE-1EC2B7611FB9}"
EndProject
Project("{FAE04EC0-301F-11D3-BF4B-00C04F79EFBC}") = "Actio.Api.Tests", "tests\Actio.Api.Tests\Actio.Api.Tests.csproj", "{D6B82F12-CB9B-4D5A-914B-9142F25C30D2}"
EndProject
Project("{FAE04EC0-301F-11D3-BF4B-00C04F79EFBC}") = "Actio.Services.Identity.Tests", "tests\Actio.Services.Identity.Tests\Actio.Services.Identity.Tests.csproj", "{728E04D2-FD97-4F4E-8BA7-02B9E1F02866}"
EndProject
Project("{FAE04EC0-301F-11D3-BF4B-00C04F79EFBC}") = "Actio.Services.Activities.Tests", "tests\Actio.Services.Activities.Tests\Actio.Services.Activities.Tests.csproj", "{281B875D-5659-4462-A7DE-5317205C299C}"
EndProject
Global
	GlobalSection(SolutionConfigurationPlatforms) = preSolution
		Debug|Any CPU = Debug|Any CPU
		Debug|x64 = Debug|x64
		Debug|x86 = Debug|x86
		Release|Any CPU = Release|Any CPU
		Release|x64 = Release|x64
		Release|x86 = Release|x86
	EndGlobalSection
	GlobalSection(SolutionProperties) = preSolution
		HideSolutionNode = FALSE
	EndGlobalSection
	GlobalSection(ProjectConfigurationPlatforms) = postSolution
		{1BADE800-B322-495A-97E3-BB58DCABC900}.Debug|Any CPU.ActiveCfg = Debug|Any CPU
		{1BADE800-B322-495A-97E3-BB58DCABC900}.Debug|Any CPU.Build.0 = Debug|Any CPU
		{1BADE800-B322-495A-97E3-BB58DCABC900}.Debug|x64.ActiveCfg = Debug|Any CPU
		{1BADE800-B322-495A-97E3-BB58DCABC900}.Debug|x64.Build.0 = Debug|Any CPU
		{1BADE800-B322-495A-97E3-BB58DCABC900}.Debug|x86.ActiveCfg = Debug|Any CPU
		{1BADE800-B322-495A-97E3-BB58DCABC900}.Debug|x86.Build.0 = Debug|Any CPU
		{1BADE800-B322-495A-97E3-BB58DCABC900}.Release|Any CPU.ActiveCfg = Release|Any CPU
		{1BADE800-B322-495A-97E3-BB58DCABC900}.Release|Any CPU.Build.0 = Release|Any CPU
		{1BADE800-B322-495A-97E3-BB58DCABC900}.Release|x64.ActiveCfg = Release|Any CPU
		{1BADE800-B322-495A-97E3-BB58DCABC900}.Release|x64.Build.0 = Release|Any CPU
		{1BADE800-B322-495A-97E3-BB58DCABC900}.Release|x86.ActiveCfg = Release|Any CPU
		{1BADE800-B322-495A-97E3-BB58DCABC900}.Release|x86.Build.0 = Release|Any CPU
		{666BF428-BE46-4AE2-ACA2-FBC0BEA25530}.Debug|Any CPU.ActiveCfg = Debug|Any CPU
		{666BF428-BE46-4AE2-ACA2-FBC0BEA25530}.Debug|Any CPU.Build.0 = Debug|Any CPU
		{666BF428-BE46-4AE2-ACA2-FBC0BEA25530}.Debug|x64.ActiveCfg = Debug|Any CPU
		{666BF428-BE46-4AE2-ACA2-FBC0BEA25530}.Debug|x64.Build.0 = Debug|Any CPU
		{666BF428-BE46-4AE2-ACA2-FBC0BEA25530}.Debug|x86.ActiveCfg = Debug|Any CPU
		{666BF428-BE46-4AE2-ACA2-FBC0BEA25530}.Debug|x86.Build.0 = Debug|Any CPU
		{666BF428-BE46-4AE2-ACA2-FBC0BEA25530}.Release|Any CPU.ActiveCfg = Release|Any CPU
		{666BF428-BE46-4AE2-ACA2-FBC0BEA25530}.Release|Any CPU.Build.0 = Release|Any CPU
		{666BF428-BE46-4AE2-ACA2-FBC0BEA25530}.Release|x64.ActiveCfg = Release|Any CPU
		{666BF428-BE46-4AE2-ACA2-FBC0BEA25530}.Release|x64.Build.0 = Release|Any CPU
		{666BF428-BE46-4AE2-ACA2-FBC0BEA25530}.Release|x86.ActiveCfg = Release|Any CPU
		{666BF428-BE46-4AE2-ACA2-FBC0BEA25530}.Release|x86.Build.0 = Release|Any CPU
		{AA67DABF-94A1-4261-A4AB-0B1031BBA737}.Debug|Any CPU.ActiveCfg = Debug|Any CPU
		{AA67DABF-94A1-4261-A4AB-0B1031BBA737}.Debug|Any CPU.Build.0 = Debug|Any CPU
		{AA67DABF-94A1-4261-A4AB-0B1031BBA737}.Debug|x64.ActiveCfg = Debug|Any CPU
		{AA67DABF-94A1-4261-A4AB-0B1031BBA737}.Debug|x64.Build.0 = Debug|Any CPU
		{AA67DABF-94A1-4261-A4AB-0B1031BBA737}.Debug|x86.ActiveCfg = Debug|Any CPU
		{AA67DABF-94A1-4261-A4AB-0B1031BBA737}.Debug|x86.Build.0 = Debug|Any CPU
		{AA67DABF-94A1-4261-A4AB-0B1031BBA737}.Release|Any CPU.ActiveCfg = Release|Any CPU
		{AA67DABF-94A1-4261-A4AB-0B1031BBA737}.Release|Any CPU.Build.0 = Release|Any CPU
		{AA67DABF-94A1-4261-A4AB-0B1031BBA737}.Release|x64.ActiveCfg = Release|Any CPU
		{AA67DABF-94A1-4261-A4AB-0B1031BBA737}.Release|x64.Build.0 = Release|Any CPU
		{AA67DABF-94A1-4261-A4AB-0B1031BBA737}.Release|x86.ActiveCfg = Release|Any CPU
		{AA67DABF-94A1-4261-A4AB-0B1031BBA737}.Release|x86.Build.0 = Release|Any CPU
		{103D068D-F947-41B9-B5A8-A3815EF09106}.Debug|Any CPU.ActiveCfg = Debug|Any CPU
		{103D068D-F947-41B9-B5A8-A3815EF09106}.Debug|Any CPU.Build.0 = Debug|Any CPU
		{103D068D-F947-41B9-B5A8-A3815EF09106}.Debug|x64.ActiveCfg = Debug|Any CPU
		{103D068D-F947-41B9-B5A8-A3815EF09106}.Debug|x64.Build.0 = Debug|Any CPU
		{103D068D-F947-41B9-B5A8-A3815EF09106}.Debug|x86.ActiveCfg = Debug|Any CPU
		{103D068D-F947-41B9-B5A8-A3815EF09106}.Debug|x86.Build.0 = Debug|Any CPU
		{103D068D-F947-41B9-B5A8-A3815EF09106}.Release|Any CPU.ActiveCfg = Release|Any CPU
		{103D068D-F947-41B9-B5A8-A3815EF09106}.Release|Any CPU.Build.0 = Release|Any CPU
		{103D068D-F947-41B9-B5A8-A3815EF09106}.Release|x64.ActiveCfg = Release|Any CPU
		{103D068D-F947-41B9-B5A8-A3815EF09106}.Release|x64.Build.0 = Release|Any CPU
		{103D068D-F947-41B9-B5A8-A3815EF09106}.Release|x86.ActiveCfg = Release|Any CPU
		{103D068D-F947-41B9-B5A8-A3815EF09106}.Release|x86.Build.0 = Release|Any CPU
		{D6B82F12-CB9B-4D5A-914B-9142F25C30D2}.Debug|Any CPU.ActiveCfg = Debug|Any CPU
		{D6B82F12-CB9B-4D5A-914B-9142F25C30D2}.Debug|Any CPU.Build.0 = Debug|Any CPU
		{D6B82F12-CB9B-4D5A-914B-9142F25C30D2}.Debug|x64.ActiveCfg = Debug|Any CPU
		{D6B82F12-CB9B-4D5A-914B-9142F25C30D2}.Debug|x64.Build.0 = Debug|Any CPU
		{D6B82F12-CB9B-4D5A-914B-9142F25C30D2}.Debug|x86.ActiveCfg = Debug|Any CPU
		{D6B82F12-CB9B-4D5A-914B-9142F25C30D2}.Debug|x86.Build.0 = Debug|Any CPU
		{D6B82F12-CB9B-4D5A-914B-9142F25C30D2}.Release|Any CPU.ActiveCfg = Release|Any CPU
		{D6B82F12-CB9B-4D5A-914B-9142F25C30D2}.Release|Any CPU.Build.0 = Release|Any CPU
		{D6B82F12-CB9B-4D5A-914B-9142F25C30D2}.Release|x64.ActiveCfg = Release|Any CPU
		{D6B82F12-CB9B-4D5A-914B-9142F25C30D2}.Release|x64.Build.0 = Release|Any CPU
		{D6B82F12-CB9B-4D5A-914B-9142F25C30D2}.Release|x86.ActiveCfg = Release|Any CPU
		{D6B82F12-CB9B-4D5A-914B-9142F25C30D2}.Release|x86.Build.0 = Release|Any CPU
		{728E04D2-FD97-4F4E-8BA7-02B9E1F02866}.Debug|Any CPU.ActiveCfg = Debug|Any CPU
		{728E04D2-FD97-4F4E-8BA7-02B9E1F02866}.Debug|Any CPU.Build.0 = Debug|Any CPU
		{728E04D2-FD97-4F4E-8BA7-02B9E1F02866}.Debug|x64.ActiveCfg = Debug|Any CPU
		{728E04D2-FD97-4F4E-8BA7-02B9E1F02866}.Debug|x64.Build.0 = Debug|Any CPU
		{728E04D2-FD97-4F4E-8BA7-02B9E1F02866}.Debug|x86.ActiveCfg = Debug|Any CPU
		{728E04D2-FD97-4F4E-8BA7-02B9E1F02866}.Debug|x86.Build.0 = Debug|Any CPU
		{728E04D2-FD97-4F4E-8BA7-02B9E1F02866}.Release|Any CPU.ActiveCfg = Release|Any CPU
		{728E04D2-FD97-4F4E-8BA7-02B9E1F02866}.Release|Any CPU.Build.0 = Release|Any CPU
		{728E04D2-FD97-4F4E-8BA7-02B9E1F02866}.Release|x64.ActiveCfg = Release|Any CPU
		{728E04D2-FD97-4F4E-8BA7-02B9E1F02866}.Release|x64.Build.0 = Release|Any CPU
		{728E04D2-FD97-4F4E-8BA7-02B9E1F02866}.Release|x86.ActiveCfg = Release|Any CPU
		{728E04D2-FD97-4F4E-8BA7-02B9E1F02866}.Release|x86.Build.0 = Release|Any CPU
		{281B875D-5659-4462-A7DE-5317205C299C}.Debug|Any CPU.ActiveCfg = Debug|Any CPU
		{281B875D-5659-4462-A7DE-5317205C299C}.Debug|Any CPU.Build.0 = Debug|Any CPU
		{281B875D-5659-4462-A7DE-5317205C299C}.Debug|x64.ActiveCfg = Debug|Any CPU
		{281B875D-5659-4462-A7DE-5317205C299C}.Debug|x64.Build.0 = Debug|Any CPU
		{281B875D-5659-4462-A7DE-5317205C299C}.Debug|x86.ActiveCfg = Debug|Any CPU
		{281B875D-5659-4462-A7DE-5317205C299C}.Debug|x86.Build.0 = Debug|Any CPU
		{281B875D-5659-4462-A7DE-5317205C299C}.Release|Any CPU.ActiveCfg = Release|Any CPU
		{281B875D-5659-4462-A7DE-5317205C299C}.Release|Any CPU.Build.0 = Release|Any CPU
		{281B875D-5659-4462-A7DE-5317205C299C}.Release|x64.ActiveCfg = Release|Any CPU
		{281B875D-5659-4462-A7DE-5317205C299C}.Release|x64.Build.0 = Release|Any CPU
		{281B875D-5659-4462-A7DE-5317205C299C}.Release|x86.ActiveCfg = Release|Any CPU
		{281B875D-5659-4462-A7DE-5317205C299C}.Release|x86.Build.0 = Release|Any CPU
	EndGlobalSection
	GlobalSection(NestedProjects) = preSolution
		{1BADE800-B322-495A-97E3-BB58DCABC900} = {93DAD3E5-11DC-4D63-962C-B15E082E6E6B}
		{666BF428-BE46-4AE2-ACA2-FBC0BEA25530} = {93DAD3E5-11DC-4D63-962C-B15E082E6E6B}
		{AA67DABF-94A1-4261-A4AB-0B1031BBA737} = {93DAD3E5-11DC-4D63-962C-B15E082E6E6B}
		{103D068D-F947-41B9-B5A8-A3815EF09106} = {93DAD3E5-11DC-4D63-962C-B15E082E6E6B}
		{D6B82F12-CB9B-4D5A-914B-9142F25C30D2} = {309FFD00-CDCF-44B5-BFCE-1EC2B7611FB9}
		{728E04D2-FD97-4F4E-8BA7-02B9E1F02866} = {309FFD00-CDCF-44B5-BFCE-1EC2B7611FB9}
		{281B875D-5659-4462-A7DE-5317205C299C} = {309FFD00-CDCF-44B5-BFCE-1EC2B7611FB9}
	EndGlobalSection
EndGlobal
